
Microsoft Visual Studio Solution File, Format Version 12.00
# Visual Studio Version 17
VisualStudioVersion = 17.14.36327.8
MinimumVisualStudioVersion = 10.0.40219.1
Project("{FAE04EC0-301F-11D3-BF4B-00C04F79EFBC}") = "ProjectE", "ProjectE\ProjectE.csproj", "{E176E52E-AC5E-4F91-8469-642084B289CF}"
EndProject
Project("{FAE04EC0-301F-11D3-BF4B-00C04F79EFBC}") = "ProjectE.UnitTests", "ProjectE.UnitTests\ProjectE.UnitTests.csproj", "{2FE66A09-A34B-46A9-8623-654B001EFB01}"
EndProject
Global
	GlobalSection(SolutionConfigurationPlatforms) = preSolution
		Debug|Any CPU = Debug|Any CPU
		Release|Any CPU = Release|Any CPU
	EndGlobalSection
	GlobalSection(ProjectConfigurationPlatforms) = postSolution
		{E176E52E-AC5E-4F91-8469-642084B289CF}.Debug|Any CPU.ActiveCfg = Debug|Any CPU
		{E176E52E-AC5E-4F91-8469-642084B289CF}.Debug|Any CPU.Build.0 = Debug|Any CPU
		{E176E52E-AC5E-4F91-8469-642084B289CF}.Release|Any CPU.ActiveCfg = Release|Any CPU
		{E176E52E-AC5E-4F91-8469-642084B289CF}.Release|Any CPU.Build.0 = Release|Any CPU
		{2FE66A09-A34B-46A9-8623-654B001EFB01}.Debug|Any CPU.ActiveCfg = Debug|Any CPU
		{2FE66A09-A34B-46A9-8623-654B001EFB01}.Debug|Any CPU.Build.0 = Debug|Any CPU
		{2FE66A09-A34B-46A9-8623-654B001EFB01}.Release|Any CPU.ActiveCfg = Release|Any CPU
		{2FE66A09-A34B-46A9-8623-654B001EFB01}.Release|Any CPU.Build.0 = Release|Any CPU
	EndGlobalSection
	GlobalSection(SolutionProperties) = preSolution
		HideSolutionNode = FALSE
	EndGlobalSection
	GlobalSection(ExtensibilityGlobals) = postSolution
		SolutionGuid = {318F6784-2B38-4AB3-A036-6521D11F073A}
	EndGlobalSection
EndGlobal
